// !$*UTF8*$!
{
	archiveVersion = 1;
	classes = {
	};
	objectVersion = 46;
	objects = {

/* Begin PBXBuildFile section */
		971606661F86BC13002BBD7F /* jsonFile.json in Resources */ = {isa = PBXBuildFile; fileRef = 971606651F86BC13002BBD7F /* jsonFile.json */; };
		9716066A1F86BCAC002BBD7F /* JsonParse.swift in Sources */ = {isa = PBXBuildFile; fileRef = 971606691F86BCAC002BBD7F /* JsonParse.swift */; };
		971606701F8ACA2B002BBD7F /* DetailViewCell.swift in Sources */ = {isa = PBXBuildFile; fileRef = 9716066F1F8ACA2B002BBD7F /* DetailViewCell.swift */; };
		971606721F8AD0DC002BBD7F /* DetailTableViewController.swift in Sources */ = {isa = PBXBuildFile; fileRef = 971606711F8AD0DC002BBD7F /* DetailTableViewController.swift */; };
		974640CC1F0BD6D20047FFF1 /* StartViewController.swift in Sources */ = {isa = PBXBuildFile; fileRef = 974640CB1F0BD6D20047FFF1 /* StartViewController.swift */; };
		974640D11F0D07AF0047FFF1 /* DataBase.swift in Sources */ = {isa = PBXBuildFile; fileRef = 974640D01F0D07AF0047FFF1 /* DataBase.swift */; };
		974640D91F0D11F00047FFF1 /* ClientViewController.swift in Sources */ = {isa = PBXBuildFile; fileRef = 974640D71F0D11F00047FFF1 /* ClientViewController.swift */; };
		97AFF46A1F8BEEE300941D0D /* SecondMenuTableViewController.swift in Sources */ = {isa = PBXBuildFile; fileRef = 97AFF4691F8BEEE300941D0D /* SecondMenuTableViewController.swift */; };
		97AFF46C1F8BEEF500941D0D /* SecondMenuTableViewCell.swift in Sources */ = {isa = PBXBuildFile; fileRef = 97AFF46B1F8BEEF500941D0D /* SecondMenuTableViewCell.swift */; };
		97BC5C331EFB0876002DEA53 /* AppDelegate.swift in Sources */ = {isa = PBXBuildFile; fileRef = 97BC5C321EFB0876002DEA53 /* AppDelegate.swift */; };
		97BC5C351EFB0876002DEA53 /* DataViewController.swift in Sources */ = {isa = PBXBuildFile; fileRef = 97BC5C341EFB0876002DEA53 /* DataViewController.swift */; };
		97BC5C381EFB0876002DEA53 /* Main.storyboard in Resources */ = {isa = PBXBuildFile; fileRef = 97BC5C361EFB0876002DEA53 /* Main.storyboard */; };
		97BC5C3B1EFB0876002DEA53 /* Dworek_w_Dawnej_Szkole.xcdatamodeld in Sources */ = {isa = PBXBuildFile; fileRef = 97BC5C391EFB0876002DEA53 /* Dworek_w_Dawnej_Szkole.xcdatamodeld */; };
		97BC5C3D1EFB0876002DEA53 /* Assets.xcassets in Resources */ = {isa = PBXBuildFile; fileRef = 97BC5C3C1EFB0876002DEA53 /* Assets.xcassets */; };
		97BC5C401EFB0876002DEA53 /* LaunchScreen.storyboard in Resources */ = {isa = PBXBuildFile; fileRef = 97BC5C3E1EFB0876002DEA53 /* LaunchScreen.storyboard */; };
		97C8FAF21F0D490000556842 /* InformationViewController.swift in Sources */ = {isa = PBXBuildFile; fileRef = 97C8FAF11F0D490000556842 /* InformationViewController.swift */; };
		97EB226E1F0E804200173467 /* MenuViewController.swift in Sources */ = {isa = PBXBuildFile; fileRef = 97EB226D1F0E804200173467 /* MenuViewController.swift */; };
		97EB22721F0E86F400173467 /* MenuTableViewCell.swift in Sources */ = {isa = PBXBuildFile; fileRef = 97EB22711F0E86F400173467 /* MenuTableViewCell.swift */; };
/* End PBXBuildFile section */

/* Begin PBXFileReference section */
		971606651F86BC13002BBD7F /* jsonFile.json */ = {isa = PBXFileReference; lastKnownFileType = text.json; path = jsonFile.json; sourceTree = "<group>"; };
		971606691F86BCAC002BBD7F /* JsonParse.swift */ = {isa = PBXFileReference; lastKnownFileType = sourcecode.swift; path = JsonParse.swift; sourceTree = "<group>"; };
		9716066F1F8ACA2B002BBD7F /* DetailViewCell.swift */ = {isa = PBXFileReference; lastKnownFileType = sourcecode.swift; path = DetailViewCell.swift; sourceTree = "<group>"; };
		971606711F8AD0DC002BBD7F /* DetailTableViewController.swift */ = {isa = PBXFileReference; lastKnownFileType = sourcecode.swift; path = DetailTableViewController.swift; sourceTree = "<group>"; };
		974640CB1F0BD6D20047FFF1 /* StartViewController.swift */ = {isa = PBXFileReference; fileEncoding = 4; lastKnownFileType = sourcecode.swift; path = StartViewController.swift; sourceTree = "<group>"; };
		974640CD1F0D023B0047FFF1 /* pl */ = {isa = PBXFileReference; lastKnownFileType = text.plist.strings; name = pl; path = pl.lproj/Main.strings; sourceTree = "<group>"; };
		974640CE1F0D023B0047FFF1 /* pl */ = {isa = PBXFileReference; lastKnownFileType = text.plist.strings; name = pl; path = pl.lproj/LaunchScreen.strings; sourceTree = "<group>"; };
		974640D01F0D07AF0047FFF1 /* DataBase.swift */ = {isa = PBXFileReference; fileEncoding = 4; lastKnownFileType = sourcecode.swift; path = DataBase.swift; sourceTree = "<group>"; };
		974640D71F0D11F00047FFF1 /* ClientViewController.swift */ = {isa = PBXFileReference; fileEncoding = 4; lastKnownFileType = sourcecode.swift; path = ClientViewController.swift; sourceTree = "<group>"; };
		97AFF4691F8BEEE300941D0D /* SecondMenuTableViewController.swift */ = {isa = PBXFileReference; lastKnownFileType = sourcecode.swift; path = SecondMenuTableViewController.swift; sourceTree = "<group>"; };
		97AFF46B1F8BEEF500941D0D /* SecondMenuTableViewCell.swift */ = {isa = PBXFileReference; lastKnownFileType = sourcecode.swift; path = SecondMenuTableViewCell.swift; sourceTree = "<group>"; };
		97BC5C2F1EFB0876002DEA53 /* Dworek w Dawnej Szkole.app */ = {isa = PBXFileReference; explicitFileType = wrapper.application; includeInIndex = 0; path = "Dworek w Dawnej Szkole.app"; sourceTree = BUILT_PRODUCTS_DIR; };
		97BC5C321EFB0876002DEA53 /* AppDelegate.swift */ = {isa = PBXFileReference; lastKnownFileType = sourcecode.swift; path = AppDelegate.swift; sourceTree = "<group>"; };
		97BC5C341EFB0876002DEA53 /* DataViewController.swift */ = {isa = PBXFileReference; lastKnownFileType = sourcecode.swift; path = DataViewController.swift; sourceTree = "<group>"; };
		97BC5C371EFB0876002DEA53 /* Base */ = {isa = PBXFileReference; lastKnownFileType = file.storyboard; name = Base; path = Base.lproj/Main.storyboard; sourceTree = "<group>"; };
		97BC5C3A1EFB0876002DEA53 /* Dworek_w_Dawnej_Szkole.xcdatamodel */ = {isa = PBXFileReference; lastKnownFileType = wrapper.xcdatamodel; path = Dworek_w_Dawnej_Szkole.xcdatamodel; sourceTree = "<group>"; };
		97BC5C3C1EFB0876002DEA53 /* Assets.xcassets */ = {isa = PBXFileReference; lastKnownFileType = folder.assetcatalog; path = Assets.xcassets; sourceTree = "<group>"; };
		97BC5C3F1EFB0876002DEA53 /* Base */ = {isa = PBXFileReference; lastKnownFileType = file.storyboard; name = Base; path = Base.lproj/LaunchScreen.storyboard; sourceTree = "<group>"; };
		97BC5C411EFB0876002DEA53 /* Info.plist */ = {isa = PBXFileReference; lastKnownFileType = text.plist.xml; path = Info.plist; sourceTree = "<group>"; };
		97C8FAF11F0D490000556842 /* InformationViewController.swift */ = {isa = PBXFileReference; fileEncoding = 4; lastKnownFileType = sourcecode.swift; path = InformationViewController.swift; sourceTree = "<group>"; };
		97EB226D1F0E804200173467 /* MenuViewController.swift */ = {isa = PBXFileReference; fileEncoding = 4; lastKnownFileType = sourcecode.swift; path = MenuViewController.swift; sourceTree = "<group>"; };
		97EB22711F0E86F400173467 /* MenuTableViewCell.swift */ = {isa = PBXFileReference; fileEncoding = 4; lastKnownFileType = sourcecode.swift; path = MenuTableViewCell.swift; sourceTree = "<group>"; };
/* End PBXFileReference section */

/* Begin PBXFrameworksBuildPhase section */
		97BC5C2C1EFB0876002DEA53 /* Frameworks */ = {
			isa = PBXFrameworksBuildPhase;
			buildActionMask = 2147483647;
			files = (
			);
			runOnlyForDeploymentPostprocessing = 0;
		};
/* End PBXFrameworksBuildPhase section */

/* Begin PBXGroup section */
		974640C71F0BD6240047FFF1 /* Data */ = {
			isa = PBXGroup;
			children = (
				97BC5C341EFB0876002DEA53 /* DataViewController.swift */,
			);
			name = Data;
			sourceTree = "<group>";
		};
		974640C81F0BD67F0047FFF1 /* Start */ = {
			isa = PBXGroup;
			children = (
				974640CB1F0BD6D20047FFF1 /* StartViewController.swift */,
			);
			name = Start;
			sourceTree = "<group>";
		};
		974640CF1F0D079A0047FFF1 /* Support */ = {
			isa = PBXGroup;
			children = (
				974640D01F0D07AF0047FFF1 /* DataBase.swift */,
				97BC5C361EFB0876002DEA53 /* Main.storyboard */,
				971606651F86BC13002BBD7F /* jsonFile.json */,
				971606691F86BCAC002BBD7F /* JsonParse.swift */,
			);
			name = Support;
			sourceTree = "<group>";
		};
		974640D21F0D106A0047FFF1 /* Client */ = {
			isa = PBXGroup;
			children = (
				974640D71F0D11F00047FFF1 /* ClientViewController.swift */,
			);
			name = Client;
			sourceTree = "<group>";
		};
		97BC5C261EFB0876002DEA53 = {
			isa = PBXGroup;
			children = (
				97BC5C311EFB0876002DEA53 /* Dworek w Dawnej Szkole */,
				97BC5C301EFB0876002DEA53 /* Products */,
			);
			sourceTree = "<group>";
		};
		97BC5C301EFB0876002DEA53 /* Products */ = {
			isa = PBXGroup;
			children = (
				97BC5C2F1EFB0876002DEA53 /* Dworek w Dawnej Szkole.app */,
			);
			name = Products;
			sourceTree = "<group>";
		};
		97BC5C311EFB0876002DEA53 /* Dworek w Dawnej Szkole */ = {
			isa = PBXGroup;
			children = (
				974640C71F0BD6240047FFF1 /* Data */,
				97C8FAF01F0D48EC00556842 /* information */,
				974640D21F0D106A0047FFF1 /* Client */,
				97EB226C1F0E802A00173467 /* Menu */,
				974640C81F0BD67F0047FFF1 /* Start */,
				974640CF1F0D079A0047FFF1 /* Support */,
				97BC5C321EFB0876002DEA53 /* AppDelegate.swift */,
				97BC5C3C1EFB0876002DEA53 /* Assets.xcassets */,
				97BC5C3E1EFB0876002DEA53 /* LaunchScreen.storyboard */,
				97BC5C411EFB0876002DEA53 /* Info.plist */,
				97BC5C391EFB0876002DEA53 /* Dworek_w_Dawnej_Szkole.xcdatamodeld */,
			);
			path = "Dworek w Dawnej Szkole";
			sourceTree = "<group>";
		};
		97C8FAF01F0D48EC00556842 /* information */ = {
			isa = PBXGroup;
			children = (
				97C8FAF11F0D490000556842 /* InformationViewController.swift */,
			);
			name = information;
			sourceTree = "<group>";
		};
		97EB226C1F0E802A00173467 /* Menu */ = {
			isa = PBXGroup;
			children = (
				97EB226D1F0E804200173467 /* MenuViewController.swift */,
				97EB22711F0E86F400173467 /* MenuTableViewCell.swift */,
				9716066F1F8ACA2B002BBD7F /* DetailViewCell.swift */,
				971606711F8AD0DC002BBD7F /* DetailTableViewController.swift */,
				97AFF4691F8BEEE300941D0D /* SecondMenuTableViewController.swift */,
				97AFF46B1F8BEEF500941D0D /* SecondMenuTableViewCell.swift */,
			);
			name = Menu;
			sourceTree = "<group>";
		};
/* End PBXGroup section */

/* Begin PBXNativeTarget section */
		97BC5C2E1EFB0876002DEA53 /* Dworek w Dawnej Szkole */ = {
			isa = PBXNativeTarget;
			buildConfigurationList = 97BC5C441EFB0876002DEA53 /* Build configuration list for PBXNativeTarget "Dworek w Dawnej Szkole" */;
			buildPhases = (
				97BC5C2B1EFB0876002DEA53 /* Sources */,
				97BC5C2C1EFB0876002DEA53 /* Frameworks */,
				97BC5C2D1EFB0876002DEA53 /* Resources */,
			);
			buildRules = (
			);
			dependencies = (
			);
			name = "Dworek w Dawnej Szkole";
			productName = "Dworek w Dawnej Szkole";
			productReference = 97BC5C2F1EFB0876002DEA53 /* Dworek w Dawnej Szkole.app */;
			productType = "com.apple.product-type.application";
		};
/* End PBXNativeTarget section */

/* Begin PBXProject section */
		97BC5C271EFB0876002DEA53 /* Project object */ = {
			isa = PBXProject;
			attributes = {
				LastSwiftUpdateCheck = 0830;
				LastUpgradeCheck = 0900;
				ORGANIZATIONNAME = "Krystian Kulawiak";
				TargetAttributes = {
					97BC5C2E1EFB0876002DEA53 = {
						CreatedOnToolsVersion = 8.3.3;
						DevelopmentTeam = 27V4B7692Z;
						LastSwiftMigration = 0900;
						ProvisioningStyle = Automatic;
					};
				};
			};
			buildConfigurationList = 97BC5C2A1EFB0876002DEA53 /* Build configuration list for PBXProject "Dworek w Dawnej Szkole" */;
			compatibilityVersion = "Xcode 3.2";
			developmentRegion = English;
			hasScannedForEncodings = 0;
			knownRegions = (
				en,
				Base,
			);
			mainGroup = 97BC5C261EFB0876002DEA53;
			productRefGroup = 97BC5C301EFB0876002DEA53 /* Products */;
			projectDirPath = "";
			projectRoot = "";
			targets = (
				97BC5C2E1EFB0876002DEA53 /* Dworek w Dawnej Szkole */,
			);
		};
/* End PBXProject section */

/* Begin PBXResourcesBuildPhase section */
		97BC5C2D1EFB0876002DEA53 /* Resources */ = {
			isa = PBXResourcesBuildPhase;
			buildActionMask = 2147483647;
			files = (
				97BC5C401EFB0876002DEA53 /* LaunchScreen.storyboard in Resources */,
				97BC5C3D1EFB0876002DEA53 /* Assets.xcassets in Resources */,
				97BC5C381EFB0876002DEA53 /* Main.storyboard in Resources */,
				971606661F86BC13002BBD7F /* jsonFile.json in Resources */,
			);
			runOnlyForDeploymentPostprocessing = 0;
		};
/* End PBXResourcesBuildPhase section */

/* Begin PBXSourcesBuildPhase section */
		97BC5C2B1EFB0876002DEA53 /* Sources */ = {
			isa = PBXSourcesBuildPhase;
			buildActionMask = 2147483647;
			files = (
				974640D11F0D07AF0047FFF1 /* DataBase.swift in Sources */,
				97BC5C3B1EFB0876002DEA53 /* Dworek_w_Dawnej_Szkole.xcdatamodeld in Sources */,
				97C8FAF21F0D490000556842 /* InformationViewController.swift in Sources */,
				974640CC1F0BD6D20047FFF1 /* StartViewController.swift in Sources */,
				97AFF46A1F8BEEE300941D0D /* SecondMenuTableViewController.swift in Sources */,
				97BC5C351EFB0876002DEA53 /* DataViewController.swift in Sources */,
				97AFF46C1F8BEEF500941D0D /* SecondMenuTableViewCell.swift in Sources */,
				97EB22721F0E86F400173467 /* MenuTableViewCell.swift in Sources */,
				97BC5C331EFB0876002DEA53 /* AppDelegate.swift in Sources */,
				9716066A1F86BCAC002BBD7F /* JsonParse.swift in Sources */,
				971606721F8AD0DC002BBD7F /* DetailTableViewController.swift in Sources */,
				971606701F8ACA2B002BBD7F /* DetailViewCell.swift in Sources */,
				974640D91F0D11F00047FFF1 /* ClientViewController.swift in Sources */,
				97EB226E1F0E804200173467 /* MenuViewController.swift in Sources */,
			);
			runOnlyForDeploymentPostprocessing = 0;
		};
/* End PBXSourcesBuildPhase section */

/* Begin PBXVariantGroup section */
		97BC5C361EFB0876002DEA53 /* Main.storyboard */ = {
			isa = PBXVariantGroup;
			children = (
				97BC5C371EFB0876002DEA53 /* Base */,
				974640CD1F0D023B0047FFF1 /* pl */,
			);
			name = Main.storyboard;
			sourceTree = "<group>";
		};
		97BC5C3E1EFB0876002DEA53 /* LaunchScreen.storyboard */ = {
			isa = PBXVariantGroup;
			children = (
				97BC5C3F1EFB0876002DEA53 /* Base */,
				974640CE1F0D023B0047FFF1 /* pl */,
			);
			name = LaunchScreen.storyboard;
			sourceTree = "<group>";
		};
/* End PBXVariantGroup section */

/* Begin XCBuildConfiguration section */
		97BC5C421EFB0876002DEA53 /* Debug */ = {
			isa = XCBuildConfiguration;
			buildSettings = {
				ALWAYS_SEARCH_USER_PATHS = NO;
				CLANG_ANALYZER_LOCALIZABILITY_NONLOCALIZED = YES;
				CLANG_ANALYZER_NONNULL = YES;
				CLANG_ANALYZER_NUMBER_OBJECT_CONVERSION = YES_AGGRESSIVE;
				CLANG_CXX_LANGUAGE_STANDARD = "gnu++0x";
				CLANG_CXX_LIBRARY = "libc++";
				CLANG_ENABLE_MODULES = YES;
				CLANG_ENABLE_OBJC_ARC = YES;
				CLANG_WARN_BLOCK_CAPTURE_AUTORELEASING = YES;
				CLANG_WARN_BOOL_CONVERSION = YES;
				CLANG_WARN_COMMA = YES;
				CLANG_WARN_CONSTANT_CONVERSION = YES;
				CLANG_WARN_DIRECT_OBJC_ISA_USAGE = YES_ERROR;
				CLANG_WARN_DOCUMENTATION_COMMENTS = YES;
				CLANG_WARN_EMPTY_BODY = YES;
				CLANG_WARN_ENUM_CONVERSION = YES;
				CLANG_WARN_INFINITE_RECURSION = YES;
				CLANG_WARN_INT_CONVERSION = YES;
				CLANG_WARN_NON_LITERAL_NULL_CONVERSION = YES;
				CLANG_WARN_OBJC_LITERAL_CONVERSION = YES;
				CLANG_WARN_OBJC_ROOT_CLASS = YES_ERROR;
				CLANG_WARN_RANGE_LOOP_ANALYSIS = YES;
				CLANG_WARN_STRICT_PROTOTYPES = YES;
				CLANG_WARN_SUSPICIOUS_MOVE = YES;
				CLANG_WARN_UNREACHABLE_CODE = YES;
				CLANG_WARN__DUPLICATE_METHOD_MATCH = YES;
				"CODE_SIGN_IDENTITY[sdk=iphoneos*]" = "iPhone Developer";
				COPY_PHASE_STRIP = NO;
				DEBUG_INFORMATION_FORMAT = dwarf;
				ENABLE_STRICT_OBJC_MSGSEND = YES;
				ENABLE_TESTABILITY = YES;
				GCC_C_LANGUAGE_STANDARD = gnu99;
				GCC_DYNAMIC_NO_PIC = NO;
				GCC_NO_COMMON_BLOCKS = YES;
				GCC_OPTIMIZATION_LEVEL = 0;
				GCC_PREPROCESSOR_DEFINITIONS = (
					"DEBUG=1",
					"$(inherited)",
				);
				GCC_WARN_64_TO_32_BIT_CONVERSION = YES;
				GCC_WARN_ABOUT_DEPRECATED_FUNCTIONS = YES;
				GCC_WARN_ABOUT_RETURN_TYPE = YES_ERROR;
				GCC_WARN_UNDECLARED_SELECTOR = YES;
				GCC_WARN_UNINITIALIZED_AUTOS = YES_AGGRESSIVE;
				GCC_WARN_UNUSED_FUNCTION = YES;
				GCC_WARN_UNUSED_VARIABLE = YES;
				IPHONEOS_DEPLOYMENT_TARGET = 11.0;
				MTL_ENABLE_DEBUG_INFO = YES;
				ONLY_ACTIVE_ARCH = YES;
				SDKROOT = iphoneos;
				SWIFT_ACTIVE_COMPILATION_CONDITIONS = DEBUG;
				SWIFT_OPTIMIZATION_LEVEL = "-Onone";
			};
			name = Debug;
		};
		97BC5C431EFB0876002DEA53 /* Release */ = {
			isa = XCBuildConfiguration;
			buildSettings = {
				ALWAYS_SEARCH_USER_PATHS = NO;
				CLANG_ANALYZER_LOCALIZABILITY_NONLOCALIZED = YES;
				CLANG_ANALYZER_NONNULL = YES;
				CLANG_ANALYZER_NUMBER_OBJECT_CONVERSION = YES_AGGRESSIVE;
				CLANG_CXX_LANGUAGE_STANDARD = "gnu++0x";
				CLANG_CXX_LIBRARY = "libc++";
				CLANG_ENABLE_MODULES = YES;
				CLANG_ENABLE_OBJC_ARC = YES;
				CLANG_WARN_BLOCK_CAPTURE_AUTORELEASING = YES;
				CLANG_WARN_BOOL_CONVERSION = YES;
				CLANG_WARN_COMMA = YES;
				CLANG_WARN_CONSTANT_CONVERSION = YES;
				CLANG_WARN_DIRECT_OBJC_ISA_USAGE = YES_ERROR;
				CLANG_WARN_DOCUMENTATION_COMMENTS = YES;
				CLANG_WARN_EMPTY_BODY = YES;
				CLANG_WARN_ENUM_CONVERSION = YES;
				CLANG_WARN_INFINITE_RECURSION = YES;
				CLANG_WARN_INT_CONVERSION = YES;
				CLANG_WARN_NON_LITERAL_NULL_CONVERSION = YES;
				CLANG_WARN_OBJC_LITERAL_CONVERSION = YES;
				CLANG_WARN_OBJC_ROOT_CLASS = YES_ERROR;
				CLANG_WARN_RANGE_LOOP_ANALYSIS = YES;
				CLANG_WARN_STRICT_PROTOTYPES = YES;
				CLANG_WARN_SUSPICIOUS_MOVE = YES;
				CLANG_WARN_UNREACHABLE_CODE = YES;
				CLANG_WARN__DUPLICATE_METHOD_MATCH = YES;
				"CODE_SIGN_IDENTITY[sdk=iphoneos*]" = "iPhone Developer";
				COPY_PHASE_STRIP = NO;
				DEBUG_INFORMATION_FORMAT = "dwarf-with-dsym";
				ENABLE_NS_ASSERTIONS = NO;
				ENABLE_STRICT_OBJC_MSGSEND = YES;
				GCC_C_LANGUAGE_STANDARD = gnu99;
				GCC_NO_COMMON_BLOCKS = YES;
				GCC_WARN_64_TO_32_BIT_CONVERSION = YES;
				GCC_WARN_ABOUT_DEPRECATED_FUNCTIONS = YES;
				GCC_WARN_ABOUT_RETURN_TYPE = YES_ERROR;
				GCC_WARN_UNDECLARED_SELECTOR = YES;
				GCC_WARN_UNINITIALIZED_AUTOS = YES_AGGRESSIVE;
				GCC_WARN_UNUSED_FUNCTION = YES;
				GCC_WARN_UNUSED_VARIABLE = YES;
				IPHONEOS_DEPLOYMENT_TARGET = 11.0;
				MTL_ENABLE_DEBUG_INFO = NO;
				SDKROOT = iphoneos;
				SWIFT_OPTIMIZATION_LEVEL = "-Owholemodule";
				VALIDATE_PRODUCT = YES;
			};
			name = Release;
		};
		97BC5C451EFB0876002DEA53 /* Debug */ = {
			isa = XCBuildConfiguration;
			buildSettings = {
				ASSETCATALOG_COMPILER_APPICON_NAME = AppIcon;
				DEVELOPMENT_TEAM = 27V4B7692Z;
				INFOPLIST_FILE = "Dworek w Dawnej Szkole/Info.plist";
				LD_RUNPATH_SEARCH_PATHS = "$(inherited) @executable_path/Frameworks";
				PRODUCT_BUNDLE_IDENTIFIER = "Krystian.Dworek-w-Dawnej-Szkole";
				PRODUCT_NAME = "$(TARGET_NAME)";
				SWIFT_SWIFT3_OBJC_INFERENCE = Default;
				SWIFT_VERSION = 4.0;
			};
			name = Debug;
		};
		97BC5C461EFB0876002DEA53 /* Release */ = {
			isa = XCBuildConfiguration;
			buildSettings = {
				ASSETCATALOG_COMPILER_APPICON_NAME = AppIcon;
				DEVELOPMENT_TEAM = 27V4B7692Z;
				INFOPLIST_FILE = "Dworek w Dawnej Szkole/Info.plist";
				LD_RUNPATH_SEARCH_PATHS = "$(inherited) @executable_path/Frameworks";
				PRODUCT_BUNDLE_IDENTIFIER = "Krystian.Dworek-w-Dawnej-Szkole";
				PRODUCT_NAME = "$(TARGET_NAME)";
				SWIFT_SWIFT3_OBJC_INFERENCE = Default;
				SWIFT_VERSION = 4.0;
			};
			name = Release;
		};
/* End XCBuildConfiguration section */

/* Begin XCConfigurationList section */
		97BC5C2A1EFB0876002DEA53 /* Build configuration list for PBXProject "Dworek w Dawnej Szkole" */ = {
			isa = XCConfigurationList;
			buildConfigurations = (
				97BC5C421EFB0876002DEA53 /* Debug */,
				97BC5C431EFB0876002DEA53 /* Release */,
			);
			defaultConfigurationIsVisible = 0;
			defaultConfigurationName = Release;
		};
		97BC5C441EFB0876002DEA53 /* Build configuration list for PBXNativeTarget "Dworek w Dawnej Szkole" */ = {
			isa = XCConfigurationList;
			buildConfigurations = (
				97BC5C451EFB0876002DEA53 /* Debug */,
				97BC5C461EFB0876002DEA53 /* Release */,
			);
			defaultConfigurationIsVisible = 0;
			defaultConfigurationName = Release;
		};
/* End XCConfigurationList section */

/* Begin XCVersionGroup section */
		97BC5C391EFB0876002DEA53 /* Dworek_w_Dawnej_Szkole.xcdatamodeld */ = {
			isa = XCVersionGroup;
			children = (
				97BC5C3A1EFB0876002DEA53 /* Dworek_w_Dawnej_Szkole.xcdatamodel */,
			);
			currentVersion = 97BC5C3A1EFB0876002DEA53 /* Dworek_w_Dawnej_Szkole.xcdatamodel */;
			path = Dworek_w_Dawnej_Szkole.xcdatamodeld;
			sourceTree = "<group>";
			versionGroupType = wrapper.xcdatamodel;
		};
/* End XCVersionGroup section */
	};
	rootObject = 97BC5C271EFB0876002DEA53 /* Project object */;
}
